
Microsoft Visual Studio Solution File, Format Version 12.00
# Visual Studio Version 17
VisualStudioVersion = 17.9.34526.213
MinimumVisualStudioVersion = 10.0.40219.1
Project("{9A19103F-16F7-4668-BE54-9A1E7A4F7556}") = "SoundScapes", "SoundScapes\SoundScapes.csproj", "{9230F88A-CE5A-4BD3-85EA-D6891F91F06A}"
EndProject
Project("{9A19103F-16F7-4668-BE54-9A1E7A4F7556}") = "SoundScapes.Android", "SoundScapes.Android\SoundScapes.Android.csproj", "{DC5EC9F8-C1F6-4766-9598-5868CA9623B8}"
EndProject
Project("{9A19103F-16F7-4668-BE54-9A1E7A4F7556}") = "SoundScapes.Desktop", "SoundScapes.Desktop\SoundScapes.Desktop.csproj", "{E9F002E7-C12B-4190-B7A8-BAC9ADCFEB98}"
EndProject
Global
	GlobalSection(SolutionConfigurationPlatforms) = preSolution
		Debug|Any CPU = Debug|Any CPU
		Release|Any CPU = Release|Any CPU
	EndGlobalSection
	GlobalSection(ProjectConfigurationPlatforms) = postSolution
		{9230F88A-CE5A-4BD3-85EA-D6891F91F06A}.Debug|Any CPU.ActiveCfg = Debug|Any CPU
		{9230F88A-CE5A-4BD3-85EA-D6891F91F06A}.Debug|Any CPU.Build.0 = Debug|Any CPU
		{9230F88A-CE5A-4BD3-85EA-D6891F91F06A}.Release|Any CPU.ActiveCfg = Release|Any CPU
		{9230F88A-CE5A-4BD3-85EA-D6891F91F06A}.Release|Any CPU.Build.0 = Release|Any CPU
		{DC5EC9F8-C1F6-4766-9598-5868CA9623B8}.Debug|Any CPU.ActiveCfg = Debug|Any CPU
		{DC5EC9F8-C1F6-4766-9598-5868CA9623B8}.Debug|Any CPU.Build.0 = Debug|Any CPU
		{DC5EC9F8-C1F6-4766-9598-5868CA9623B8}.Debug|Any CPU.Deploy.0 = Debug|Any CPU
		{DC5EC9F8-C1F6-4766-9598-5868CA9623B8}.Release|Any CPU.ActiveCfg = Release|Any CPU
		{DC5EC9F8-C1F6-4766-9598-5868CA9623B8}.Release|Any CPU.Build.0 = Release|Any CPU
		{DC5EC9F8-C1F6-4766-9598-5868CA9623B8}.Release|Any CPU.Deploy.0 = Release|Any CPU
		{E9F002E7-C12B-4190-B7A8-BAC9ADCFEB98}.Debug|Any CPU.ActiveCfg = Debug|Any CPU
		{E9F002E7-C12B-4190-B7A8-BAC9ADCFEB98}.Debug|Any CPU.Build.0 = Debug|Any CPU
		{E9F002E7-C12B-4190-B7A8-BAC9ADCFEB98}.Release|Any CPU.ActiveCfg = Release|Any CPU
		{E9F002E7-C12B-4190-B7A8-BAC9ADCFEB98}.Release|Any CPU.Build.0 = Release|Any CPU
	EndGlobalSection
	GlobalSection(SolutionProperties) = preSolution
		HideSolutionNode = FALSE
	EndGlobalSection
	GlobalSection(ExtensibilityGlobals) = postSolution
		SolutionGuid = {1D7E8B99-8A35-4FE7-85BD-70B751358537}
	EndGlobalSection
EndGlobal
